
Microsoft Visual Studio Solution File, Format Version 12.00
# Visual Studio Version 16
VisualStudioVersion = 16.0.28922.388
MinimumVisualStudioVersion = 10.0.40219.1
Project("{2150E333-8FDC-42A3-9474-1A3956D46DE8}") = "0 - Domain", "0 - Domain", "{5F3777CD-8236-409D-95F0-8D10C6E70073}"
EndProject
Project("{2150E333-8FDC-42A3-9474-1A3956D46DE8}") = "1 - Tests", "1 - Tests", "{CB1A770F-070E-48C5-A822-509EFDA4AAD7}"
EndProject
Project("{2150E333-8FDC-42A3-9474-1A3956D46DE8}") = "2 - Infra", "2 - Infra", "{11E47984-77EC-4F73-9692-5473AAD4F969}"
EndProject
Project("{2150E333-8FDC-42A3-9474-1A3956D46DE8}") = "3 - Application", "3 - Application", "{E938DF03-D846-49B6-B116-DE7F3556D882}"
EndProject
Project("{2150E333-8FDC-42A3-9474-1A3956D46DE8}") = "5 - Presentation", "5 - Presentation", "{865EB98A-7525-4150-825A-2E58B6405A5F}"
EndProject
Project("{9A19103F-16F7-4668-BE54-9A1E7A4F7556}") = "Switch.Domain", "Switch.Domain\Switch.Domain.csproj", "{AEF4CF60-1109-4207-9BE8-AB3902E34158}"
EndProject
Project("{9A19103F-16F7-4668-BE54-9A1E7A4F7556}") = "Switch.Domain.Tests", "Switch.Domain.Tests\Switch.Domain.Tests.csproj", "{ECC819D2-17DC-42E6-947F-F36599CD247F}"
EndProject
Project("{2150E333-8FDC-42A3-9474-1A3956D46DE8}") = "2.1 CrossCutting", "2.1 CrossCutting", "{52C383F9-9E00-4BB9-8FFF-36688E118347}"
EndProject
Project("{2150E333-8FDC-42A3-9474-1A3956D46DE8}") = "2.2 Data", "2.2 Data", "{517F0D04-DBB4-4E2B-B04A-723F4425977A}"
EndProject
Project("{9A19103F-16F7-4668-BE54-9A1E7A4F7556}") = "Switch.Infra.Data", "Switch.Infra.Data\Switch.Infra.Data.csproj", "{C705661D-903A-4911-A0A0-C7401A919801}"
EndProject
Project("{9A19103F-16F7-4668-BE54-9A1E7A4F7556}") = "Switch.Application", "Switch.Application\Switch.Application.csproj", "{ADDDDE3A-1D69-481D-AD34-2E03BF2B8F0A}"
EndProject
Project("{2150E333-8FDC-42A3-9474-1A3956D46DE8}") = "4 - API", "4 - API", "{6CA30FFE-F189-4280-B87C-00B3BAE473C9}"
EndProject
Project("{9A19103F-16F7-4668-BE54-9A1E7A4F7556}") = "Switch.API", "Switch.API\Switch.API.csproj", "{56D9C674-6663-4BAB-9BCF-1353C048D910}"
EndProject
Project("{9A19103F-16F7-4668-BE54-9A1E7A4F7556}") = "SwitchAPP", "SwitchAPP\SwitchAPP.csproj", "{7705F625-A29F-4860-A1F3-8EC172F9A577}"
EndProject
Project("{9A19103F-16F7-4668-BE54-9A1E7A4F7556}") = "Switch.Infra.CrossCutting.Logging", "Switch.Infra.CrossCutting.Logging\Switch.Infra.CrossCutting.Logging.csproj", "{547ADC73-0F94-491D-A721-CF8024713774}"
EndProject
Project("{FAE04EC0-301F-11D3-BF4B-00C04F79EFBC}") = "SwitchMVC", "SwitchMVC\SwitchMVC.csproj", "{BA678DCE-09B2-46B6-ABF2-4997AC857910}"
EndProject
Global
	GlobalSection(SolutionConfigurationPlatforms) = preSolution
		Debug|Any CPU = Debug|Any CPU
		Release|Any CPU = Release|Any CPU
	EndGlobalSection
	GlobalSection(ProjectConfigurationPlatforms) = postSolution
		{AEF4CF60-1109-4207-9BE8-AB3902E34158}.Debug|Any CPU.ActiveCfg = Debug|Any CPU
		{AEF4CF60-1109-4207-9BE8-AB3902E34158}.Debug|Any CPU.Build.0 = Debug|Any CPU
		{AEF4CF60-1109-4207-9BE8-AB3902E34158}.Release|Any CPU.ActiveCfg = Release|Any CPU
		{AEF4CF60-1109-4207-9BE8-AB3902E34158}.Release|Any CPU.Build.0 = Release|Any CPU
		{ECC819D2-17DC-42E6-947F-F36599CD247F}.Debug|Any CPU.ActiveCfg = Debug|Any CPU
		{ECC819D2-17DC-42E6-947F-F36599CD247F}.Debug|Any CPU.Build.0 = Debug|Any CPU
		{ECC819D2-17DC-42E6-947F-F36599CD247F}.Release|Any CPU.ActiveCfg = Release|Any CPU
		{ECC819D2-17DC-42E6-947F-F36599CD247F}.Release|Any CPU.Build.0 = Release|Any CPU
		{C705661D-903A-4911-A0A0-C7401A919801}.Debug|Any CPU.ActiveCfg = Debug|Any CPU
		{C705661D-903A-4911-A0A0-C7401A919801}.Debug|Any CPU.Build.0 = Debug|Any CPU
		{C705661D-903A-4911-A0A0-C7401A919801}.Release|Any CPU.ActiveCfg = Release|Any CPU
		{C705661D-903A-4911-A0A0-C7401A919801}.Release|Any CPU.Build.0 = Release|Any CPU
		{ADDDDE3A-1D69-481D-AD34-2E03BF2B8F0A}.Debug|Any CPU.ActiveCfg = Debug|Any CPU
		{ADDDDE3A-1D69-481D-AD34-2E03BF2B8F0A}.Debug|Any CPU.Build.0 = Debug|Any CPU
		{ADDDDE3A-1D69-481D-AD34-2E03BF2B8F0A}.Release|Any CPU.ActiveCfg = Release|Any CPU
		{ADDDDE3A-1D69-481D-AD34-2E03BF2B8F0A}.Release|Any CPU.Build.0 = Release|Any CPU
		{56D9C674-6663-4BAB-9BCF-1353C048D910}.Debug|Any CPU.ActiveCfg = Debug|Any CPU
		{56D9C674-6663-4BAB-9BCF-1353C048D910}.Debug|Any CPU.Build.0 = Debug|Any CPU
		{56D9C674-6663-4BAB-9BCF-1353C048D910}.Release|Any CPU.ActiveCfg = Release|Any CPU
		{56D9C674-6663-4BAB-9BCF-1353C048D910}.Release|Any CPU.Build.0 = Release|Any CPU
		{7705F625-A29F-4860-A1F3-8EC172F9A577}.Debug|Any CPU.ActiveCfg = Debug|Any CPU
		{7705F625-A29F-4860-A1F3-8EC172F9A577}.Debug|Any CPU.Build.0 = Debug|Any CPU
		{7705F625-A29F-4860-A1F3-8EC172F9A577}.Release|Any CPU.ActiveCfg = Release|Any CPU
		{7705F625-A29F-4860-A1F3-8EC172F9A577}.Release|Any CPU.Build.0 = Release|Any CPU
		{547ADC73-0F94-491D-A721-CF8024713774}.Debug|Any CPU.ActiveCfg = Debug|Any CPU
		{547ADC73-0F94-491D-A721-CF8024713774}.Debug|Any CPU.Build.0 = Debug|Any CPU
		{547ADC73-0F94-491D-A721-CF8024713774}.Release|Any CPU.ActiveCfg = Release|Any CPU
		{547ADC73-0F94-491D-A721-CF8024713774}.Release|Any CPU.Build.0 = Release|Any CPU
		{BA678DCE-09B2-46B6-ABF2-4997AC857910}.Debug|Any CPU.ActiveCfg = Debug|Any CPU
		{BA678DCE-09B2-46B6-ABF2-4997AC857910}.Debug|Any CPU.Build.0 = Debug|Any CPU
		{BA678DCE-09B2-46B6-ABF2-4997AC857910}.Release|Any CPU.ActiveCfg = Release|Any CPU
		{BA678DCE-09B2-46B6-ABF2-4997AC857910}.Release|Any CPU.Build.0 = Release|Any CPU
	EndGlobalSection
	GlobalSection(SolutionProperties) = preSolution
		HideSolutionNode = FALSE
	EndGlobalSection
	GlobalSection(NestedProjects) = preSolution
		{AEF4CF60-1109-4207-9BE8-AB3902E34158} = {5F3777CD-8236-409D-95F0-8D10C6E70073}
		{ECC819D2-17DC-42E6-947F-F36599CD247F} = {CB1A770F-070E-48C5-A822-509EFDA4AAD7}
		{52C383F9-9E00-4BB9-8FFF-36688E118347} = {11E47984-77EC-4F73-9692-5473AAD4F969}
		{517F0D04-DBB4-4E2B-B04A-723F4425977A} = {11E47984-77EC-4F73-9692-5473AAD4F969}
		{C705661D-903A-4911-A0A0-C7401A919801} = {517F0D04-DBB4-4E2B-B04A-723F4425977A}
		{ADDDDE3A-1D69-481D-AD34-2E03BF2B8F0A} = {E938DF03-D846-49B6-B116-DE7F3556D882}
		{56D9C674-6663-4BAB-9BCF-1353C048D910} = {6CA30FFE-F189-4280-B87C-00B3BAE473C9}
		{7705F625-A29F-4860-A1F3-8EC172F9A577} = {865EB98A-7525-4150-825A-2E58B6405A5F}
		{547ADC73-0F94-491D-A721-CF8024713774} = {52C383F9-9E00-4BB9-8FFF-36688E118347}
		{BA678DCE-09B2-46B6-ABF2-4997AC857910} = {865EB98A-7525-4150-825A-2E58B6405A5F}
	EndGlobalSection
	GlobalSection(ExtensibilityGlobals) = postSolution
		SolutionGuid = {5A7E07FD-B2A2-4DD4-9EB9-0A981DBC5254}
	EndGlobalSection
EndGlobal
